{
  "requires": true,
  "lockfileVersion": 1,
  "dependencies": {
    "tesseract-ocr": {
      "version": "1.0.0",
      "resolved": "https://registry.npmjs.org/tesseract-ocr/-/tesseract-ocr-1.0.0.tgz",
      "integrity": "sha512-bQide3z0FZw7jmLzbelBMuyrp/SluZsO2rgSOF7IafkW8IxEV1jVYDiQugEZKFsgAoZv67uPFSyT/9YAN94DCg=="
    }
  }
}
